PODS:
  - GzipSwift (5.1.1)
  - onnxruntime-c (1.13.1)
  - onnxruntime-objc (1.13.1):
    - onnxruntime-objc/Core (= 1.13.1)
  - onnxruntime-objc/Core (1.13.1):
    - onnxruntime-c (= 1.13.1)

DEPENDENCIES:
  - GzipSwift
  - onnxruntime-objc

SPEC REPOS:
  trunk:
    - GzipSwift
    - onnxruntime-c
    - onnxruntime-objc

SPEC CHECKSUMS:
  GzipSwift: 893f3e48e597a1a4f62fafcb6514220fcf8287fa
  onnxruntime-c: e2cb90df35c6b834a85261fe8d25845979b94d39
  onnxruntime-objc: cf39c857bc45ad8cc472ebfb5295d39681e7a99b

PODFILE CHECKSUM: 7f859688aa734d265d4930151e7ebf07a1412c55

COCOAPODS: 1.11.3
